
Microsoft Visual Studio Solution File, Format Version 12.00
# Visual Studio 15
VisualStudioVersion = 15.0.28307.168
MinimumVisualStudioVersion = 10.0.40219.1
Project("{FAE04EC0-301F-11D3-BF4B-00C04F79EFBC}") = "XamarinFormsAcademy.Android", "XamarinFormsAcademy\XamarinFormsAcademy.Android\XamarinFormsAcademy.Android.csproj", "{7E4BF396-14B2-4AC5-8E5E-7F9509C4042B}"
EndProject
Project("{FAE04EC0-301F-11D3-BF4B-00C04F79EFBC}") = "XamarinFormsAcademy.iOS", "XamarinFormsAcademy\XamarinFormsAcademy.iOS\XamarinFormsAcademy.iOS.csproj", "{B0CD8EFC-0E57-4D3F-A40D-416F9B9858F2}"
EndProject
Project("{FAE04EC0-301F-11D3-BF4B-00C04F79EFBC}") = "XamarinFormsAcademy.UWP", "XamarinFormsAcademy\XamarinFormsAcademy.UWP\XamarinFormsAcademy.UWP.csproj", "{5A66D774-6B71-40A9-9523-B1B19C8695EC}"
EndProject
Project("{FAE04EC0-301F-11D3-BF4B-00C04F79EFBC}") = "XamarinFormsAcademy", "XamarinFormsAcademy\XamarinFormsAcademy\XamarinFormsAcademy.csproj", "{2CEF1107-9145-4034-8359-9A289FEFCF4A}"
EndProject
Project("{FAE04EC0-301F-11D3-BF4B-00C04F79EFBC}") = "DataAccessLayer", "DataAccessLayer\DataAccessLayer.csproj", "{E06199D9-97B9-41B1-BDF7-93F8A8A82A7B}"
EndProject
Project("{2150E333-8FDC-42A3-9474-1A3956D46DE8}") = "Solution Items", "Solution Items", "{44C922A5-52D2-4A16-B655-5DF49CBD50FB}"
	ProjectSection(SolutionItems) = preProject
		StructuraCurs.txt = StructuraCurs.txt
	EndProjectSection
EndProject
Global
	GlobalSection(SolutionConfigurationPlatforms) = preSolution
		Ad-Hoc|Any CPU = Ad-Hoc|Any CPU
		Ad-Hoc|ARM = Ad-Hoc|ARM
		Ad-Hoc|iPhone = Ad-Hoc|iPhone
		Ad-Hoc|iPhoneSimulator = Ad-Hoc|iPhoneSimulator
		Ad-Hoc|x64 = Ad-Hoc|x64
		Ad-Hoc|x86 = Ad-Hoc|x86
		AppStore|Any CPU = AppStore|Any CPU
		AppStore|ARM = AppStore|ARM
		AppStore|iPhone = AppStore|iPhone
		AppStore|iPhoneSimulator = AppStore|iPhoneSimulator
		AppStore|x64 = AppStore|x64
		AppStore|x86 = AppStore|x86
		Debug|Any CPU = Debug|Any CPU
		Debug|ARM = Debug|ARM
		Debug|iPhone = Debug|iPhone
		Debug|iPhoneSimulator = Debug|iPhoneSimulator
		Debug|x64 = Debug|x64
		Debug|x86 = Debug|x86
		Release|Any CPU = Release|Any CPU
		Release|ARM = Release|ARM
		Release|iPhone = Release|iPhone
		Release|iPhoneSimulator = Release|iPhoneSimulator
		Release|x64 = Release|x64
		Release|x86 = Release|x86
	EndGlobalSection
	GlobalSection(ProjectConfigurationPlatforms) = postSolution
		{7E4BF396-14B2-4AC5-8E5E-7F9509C4042B}.Ad-Hoc|Any CPU.ActiveCfg = Release|Any CPU
		{7E4BF396-14B2-4AC5-8E5E-7F9509C4042B}.Ad-Hoc|Any CPU.Build.0 = Release|Any CPU
		{7E4BF396-14B2-4AC5-8E5E-7F9509C4042B}.Ad-Hoc|Any CPU.Deploy.0 = Release|Any CPU
		{7E4BF396-14B2-4AC5-8E5E-7F9509C4042B}.Ad-Hoc|ARM.ActiveCfg = Release|Any CPU
		{7E4BF396-14B2-4AC5-8E5E-7F9509C4042B}.Ad-Hoc|ARM.Build.0 = Release|Any CPU
		{7E4BF396-14B2-4AC5-8E5E-7F9509C4042B}.Ad-Hoc|ARM.Deploy.0 = Release|Any CPU
		{7E4BF396-14B2-4AC5-8E5E-7F9509C4042B}.Ad-Hoc|iPhone.ActiveCfg = Release|Any CPU
		{7E4BF396-14B2-4AC5-8E5E-7F9509C4042B}.Ad-Hoc|iPhone.Build.0 = Release|Any CPU
		{7E4BF396-14B2-4AC5-8E5E-7F9509C4042B}.Ad-Hoc|iPhone.Deploy.0 = Release|Any CPU
		{7E4BF396-14B2-4AC5-8E5E-7F9509C4042B}.Ad-Hoc|iPhoneSimulator.ActiveCfg = Release|Any CPU
		{7E4BF396-14B2-4AC5-8E5E-7F9509C4042B}.Ad-Hoc|iPhoneSimulator.Build.0 = Release|Any CPU
		{7E4BF396-14B2-4AC5-8E5E-7F9509C4042B}.Ad-Hoc|iPhoneSimulator.Deploy.0 = Release|Any CPU
		{7E4BF396-14B2-4AC5-8E5E-7F9509C4042B}.Ad-Hoc|x64.ActiveCfg = Release|Any CPU
		{7E4BF396-14B2-4AC5-8E5E-7F9509C4042B}.Ad-Hoc|x64.Build.0 = Release|Any CPU
		{7E4BF396-14B2-4AC5-8E5E-7F9509C4042B}.Ad-Hoc|x64.Deploy.0 = Release|Any CPU
		{7E4BF396-14B2-4AC5-8E5E-7F9509C4042B}.Ad-Hoc|x86.ActiveCfg = Release|Any CPU
		{7E4BF396-14B2-4AC5-8E5E-7F9509C4042B}.Ad-Hoc|x86.Build.0 = Release|Any CPU
		{7E4BF396-14B2-4AC5-8E5E-7F9509C4042B}.Ad-Hoc|x86.Deploy.0 = Release|Any CPU
		{7E4BF396-14B2-4AC5-8E5E-7F9509C4042B}.AppStore|Any CPU.ActiveCfg = Release|Any CPU
		{7E4BF396-14B2-4AC5-8E5E-7F9509C4042B}.AppStore|Any CPU.Build.0 = Release|Any CPU
		{7E4BF396-14B2-4AC5-8E5E-7F9509C4042B}.AppStore|Any CPU.Deploy.0 = Release|Any CPU
		{7E4BF396-14B2-4AC5-8E5E-7F9509C4042B}.AppStore|ARM.ActiveCfg = Release|Any CPU
		{7E4BF396-14B2-4AC5-8E5E-7F9509C4042B}.AppStore|ARM.Build.0 = Release|Any CPU
		{7E4BF396-14B2-4AC5-8E5E-7F9509C4042B}.AppStore|ARM.Deploy.0 = Release|Any CPU
		{7E4BF396-14B2-4AC5-8E5E-7F9509C4042B}.AppStore|iPhone.ActiveCfg = Release|Any CPU
		{7E4BF396-14B2-4AC5-8E5E-7F9509C4042B}.AppStore|iPhone.Build.0 = Release|Any CPU
		{7E4BF396-14B2-4AC5-8E5E-7F9509C4042B}.AppStore|iPhone.Deploy.0 = Release|Any CPU
		{7E4BF396-14B2-4AC5-8E5E-7F9509C4042B}.AppStore|iPhoneSimulator.ActiveCfg = Release|Any CPU
		{7E4BF396-14B2-4AC5-8E5E-7F9509C4042B}.AppStore|iPhoneSimulator.Build.0 = Release|Any CPU
		{7E4BF396-14B2-4AC5-8E5E-7F9509C4042B}.AppStore|iPhoneSimulator.Deploy.0 = Release|Any CPU
		{7E4BF396-14B2-4AC5-8E5E-7F9509C4042B}.AppStore|x64.ActiveCfg = Release|Any CPU
		{7E4BF396-14B2-4AC5-8E5E-7F9509C4042B}.AppStore|x64.Build.0 = Release|Any CPU
		{7E4BF396-14B2-4AC5-8E5E-7F9509C4042B}.AppStore|x64.Deploy.0 = Release|Any CPU
		{7E4BF396-14B2-4AC5-8E5E-7F9509C4042B}.AppStore|x86.ActiveCfg = Release|Any CPU
		{7E4BF396-14B2-4AC5-8E5E-7F9509C4042B}.AppStore|x86.Build.0 = Release|Any CPU
		{7E4BF396-14B2-4AC5-8E5E-7F9509C4042B}.AppStore|x86.Deploy.0 = Release|Any CPU
		{7E4BF396-14B2-4AC5-8E5E-7F9509C4042B}.Debug|Any CPU.ActiveCfg = Debug|Any CPU
		{7E4BF396-14B2-4AC5-8E5E-7F9509C4042B}.Debug|Any CPU.Build.0 = Debug|Any CPU
		{7E4BF396-14B2-4AC5-8E5E-7F9509C4042B}.Debug|Any CPU.Deploy.0 = Debug|Any CPU
		{7E4BF396-14B2-4AC5-8E5E-7F9509C4042B}.Debug|ARM.ActiveCfg = Debug|Any CPU
		{7E4BF396-14B2-4AC5-8E5E-7F9509C4042B}.Debug|ARM.Build.0 = Debug|Any CPU
		{7E4BF396-14B2-4AC5-8E5E-7F9509C4042B}.Debug|ARM.Deploy.0 = Debug|Any CPU
		{7E4BF396-14B2-4AC5-8E5E-7F9509C4042B}.Debug|iPhone.ActiveCfg = Debug|Any CPU
		{7E4BF396-14B2-4AC5-8E5E-7F9509C4042B}.Debug|iPhone.Build.0 = Debug|Any CPU
		{7E4BF396-14B2-4AC5-8E5E-7F9509C4042B}.Debug|iPhone.Deploy.0 = Debug|Any CPU
		{7E4BF396-14B2-4AC5-8E5E-7F9509C4042B}.Debug|iPhoneSimulator.ActiveCfg = Debug|Any CPU
		{7E4BF396-14B2-4AC5-8E5E-7F9509C4042B}.Debug|iPhoneSimulator.Build.0 = Debug|Any CPU
		{7E4BF396-14B2-4AC5-8E5E-7F9509C4042B}.Debug|iPhoneSimulator.Deploy.0 = Debug|Any CPU
		{7E4BF396-14B2-4AC5-8E5E-7F9509C4042B}.Debug|x64.ActiveCfg = Debug|Any CPU
		{7E4BF396-14B2-4AC5-8E5E-7F9509C4042B}.Debug|x64.Build.0 = Debug|Any CPU
		{7E4BF396-14B2-4AC5-8E5E-7F9509C4042B}.Debug|x64.Deploy.0 = Debug|Any CPU
		{7E4BF396-14B2-4AC5-8E5E-7F9509C4042B}.Debug|x86.ActiveCfg = Debug|Any CPU
		{7E4BF396-14B2-4AC5-8E5E-7F9509C4042B}.Debug|x86.Build.0 = Debug|Any CPU
		{7E4BF396-14B2-4AC5-8E5E-7F9509C4042B}.Debug|x86.Deploy.0 = Debug|Any CPU
		{7E4BF396-14B2-4AC5-8E5E-7F9509C4042B}.Release|Any CPU.ActiveCfg = Release|Any CPU
		{7E4BF396-14B2-4AC5-8E5E-7F9509C4042B}.Release|Any CPU.Build.0 = Release|Any CPU
		{7E4BF396-14B2-4AC5-8E5E-7F9509C4042B}.Release|Any CPU.Deploy.0 = Release|Any CPU
		{7E4BF396-14B2-4AC5-8E5E-7F9509C4042B}.Release|ARM.ActiveCfg = Release|Any CPU
		{7E4BF396-14B2-4AC5-8E5E-7F9509C4042B}.Release|ARM.Build.0 = Release|Any CPU
		{7E4BF396-14B2-4AC5-8E5E-7F9509C4042B}.Release|ARM.Deploy.0 = Release|Any CPU
		{7E4BF396-14B2-4AC5-8E5E-7F9509C4042B}.Release|iPhone.ActiveCfg = Release|Any CPU
		{7E4BF396-14B2-4AC5-8E5E-7F9509C4042B}.Release|iPhone.Build.0 = Release|Any CPU
		{7E4BF396-14B2-4AC5-8E5E-7F9509C4042B}.Release|iPhone.Deploy.0 = Release|Any CPU
		{7E4BF396-14B2-4AC5-8E5E-7F9509C4042B}.Release|iPhoneSimulator.ActiveCfg = Release|Any CPU
		{7E4BF396-14B2-4AC5-8E5E-7F9509C4042B}.Release|iPhoneSimulator.Build.0 = Release|Any CPU
		{7E4BF396-14B2-4AC5-8E5E-7F9509C4042B}.Release|iPhoneSimulator.Deploy.0 = Release|Any CPU
		{7E4BF396-14B2-4AC5-8E5E-7F9509C4042B}.Release|x64.ActiveCfg = Release|Any CPU
		{7E4BF396-14B2-4AC5-8E5E-7F9509C4042B}.Release|x64.Build.0 = Release|Any CPU
		{7E4BF396-14B2-4AC5-8E5E-7F9509C4042B}.Release|x64.Deploy.0 = Release|Any CPU
		{7E4BF396-14B2-4AC5-8E5E-7F9509C4042B}.Release|x86.ActiveCfg = Release|Any CPU
		{7E4BF396-14B2-4AC5-8E5E-7F9509C4042B}.Release|x86.Build.0 = Release|Any CPU
		{7E4BF396-14B2-4AC5-8E5E-7F9509C4042B}.Release|x86.Deploy.0 = Release|Any CPU
		{B0CD8EFC-0E57-4D3F-A40D-416F9B9858F2}.Ad-Hoc|Any CPU.ActiveCfg = Ad-Hoc|iPhone
		{B0CD8EFC-0E57-4D3F-A40D-416F9B9858F2}.Ad-Hoc|Any CPU.Build.0 = Ad-Hoc|iPhone
		{B0CD8EFC-0E57-4D3F-A40D-416F9B9858F2}.Ad-Hoc|Any CPU.Deploy.0 = Ad-Hoc|iPhone
		{B0CD8EFC-0E57-4D3F-A40D-416F9B9858F2}.Ad-Hoc|ARM.ActiveCfg = Ad-Hoc|iPhone
		{B0CD8EFC-0E57-4D3F-A40D-416F9B9858F2}.Ad-Hoc|ARM.Build.0 = Ad-Hoc|iPhone
		{B0CD8EFC-0E57-4D3F-A40D-416F9B9858F2}.Ad-Hoc|ARM.Deploy.0 = Ad-Hoc|iPhone
		{B0CD8EFC-0E57-4D3F-A40D-416F9B9858F2}.Ad-Hoc|iPhone.ActiveCfg = Ad-Hoc|iPhone
		{B0CD8EFC-0E57-4D3F-A40D-416F9B9858F2}.Ad-Hoc|iPhone.Build.0 = Ad-Hoc|iPhone
		{B0CD8EFC-0E57-4D3F-A40D-416F9B9858F2}.Ad-Hoc|iPhone.Deploy.0 = Ad-Hoc|iPhone
		{B0CD8EFC-0E57-4D3F-A40D-416F9B9858F2}.Ad-Hoc|iPhoneSimulator.ActiveCfg = Ad-Hoc|iPhoneSimulator
		{B0CD8EFC-0E57-4D3F-A40D-416F9B9858F2}.Ad-Hoc|iPhoneSimulator.Build.0 = Ad-Hoc|iPhoneSimulator
		{B0CD8EFC-0E57-4D3F-A40D-416F9B9858F2}.Ad-Hoc|iPhoneSimulator.Deploy.0 = Ad-Hoc|iPhoneSimulator
		{B0CD8EFC-0E57-4D3F-A40D-416F9B9858F2}.Ad-Hoc|x64.ActiveCfg = Ad-Hoc|iPhone
		{B0CD8EFC-0E57-4D3F-A40D-416F9B9858F2}.Ad-Hoc|x64.Build.0 = Ad-Hoc|iPhone
		{B0CD8EFC-0E57-4D3F-A40D-416F9B9858F2}.Ad-Hoc|x64.Deploy.0 = Ad-Hoc|iPhone
		{B0CD8EFC-0E57-4D3F-A40D-416F9B9858F2}.Ad-Hoc|x86.ActiveCfg = Ad-Hoc|iPhone
		{B0CD8EFC-0E57-4D3F-A40D-416F9B9858F2}.Ad-Hoc|x86.Build.0 = Ad-Hoc|iPhone
		{B0CD8EFC-0E57-4D3F-A40D-416F9B9858F2}.Ad-Hoc|x86.Deploy.0 = Ad-Hoc|iPhone
		{B0CD8EFC-0E57-4D3F-A40D-416F9B9858F2}.AppStore|Any CPU.ActiveCfg = AppStore|iPhone
		{B0CD8EFC-0E57-4D3F-A40D-416F9B9858F2}.AppStore|Any CPU.Build.0 = AppStore|iPhone
		{B0CD8EFC-0E57-4D3F-A40D-416F9B9858F2}.AppStore|Any CPU.Deploy.0 = AppStore|iPhone
		{B0CD8EFC-0E57-4D3F-A40D-416F9B9858F2}.AppStore|ARM.ActiveCfg = AppStore|iPhone
		{B0CD8EFC-0E57-4D3F-A40D-416F9B9858F2}.AppStore|ARM.Build.0 = AppStore|iPhone
		{B0CD8EFC-0E57-4D3F-A40D-416F9B9858F2}.AppStore|ARM.Deploy.0 = AppStore|iPhone
		{B0CD8EFC-0E57-4D3F-A40D-416F9B9858F2}.AppStore|iPhone.ActiveCfg = AppStore|iPhone
		{B0CD8EFC-0E57-4D3F-A40D-416F9B9858F2}.AppStore|iPhone.Build.0 = AppStore|iPhone
		{B0CD8EFC-0E57-4D3F-A40D-416F9B9858F2}.AppStore|iPhone.Deploy.0 = AppStore|iPhone
		{B0CD8EFC-0E57-4D3F-A40D-416F9B9858F2}.AppStore|iPhoneSimulator.ActiveCfg = AppStore|iPhoneSimulator
		{B0CD8EFC-0E57-4D3F-A40D-416F9B9858F2}.AppStore|iPhoneSimulator.Build.0 = AppStore|iPhoneSimulator
		{B0CD8EFC-0E57-4D3F-A40D-416F9B9858F2}.AppStore|iPhoneSimulator.Deploy.0 = AppStore|iPhoneSimulator
		{B0CD8EFC-0E57-4D3F-A40D-416F9B9858F2}.AppStore|x64.ActiveCfg = AppStore|iPhone
		{B0CD8EFC-0E57-4D3F-A40D-416F9B9858F2}.AppStore|x64.Build.0 = AppStore|iPhone
		{B0CD8EFC-0E57-4D3F-A40D-416F9B9858F2}.AppStore|x64.Deploy.0 = AppStore|iPhone
		{B0CD8EFC-0E57-4D3F-A40D-416F9B9858F2}.AppStore|x86.ActiveCfg = AppStore|iPhone
		{B0CD8EFC-0E57-4D3F-A40D-416F9B9858F2}.AppStore|x86.Build.0 = AppStore|iPhone
		{B0CD8EFC-0E57-4D3F-A40D-416F9B9858F2}.AppStore|x86.Deploy.0 = AppStore|iPhone
		{B0CD8EFC-0E57-4D3F-A40D-416F9B9858F2}.Debug|Any CPU.ActiveCfg = Debug|iPhoneSimulator
		{B0CD8EFC-0E57-4D3F-A40D-416F9B9858F2}.Debug|Any CPU.Build.0 = Debug|iPhoneSimulator
		{B0CD8EFC-0E57-4D3F-A40D-416F9B9858F2}.Debug|Any CPU.Deploy.0 = Debug|iPhoneSimulator
		{B0CD8EFC-0E57-4D3F-A40D-416F9B9858F2}.Debug|ARM.ActiveCfg = Debug|iPhone
		{B0CD8EFC-0E57-4D3F-A40D-416F9B9858F2}.Debug|ARM.Build.0 = Debug|iPhone
		{B0CD8EFC-0E57-4D3F-A40D-416F9B9858F2}.Debug|ARM.Deploy.0 = Debug|iPhone
		{B0CD8EFC-0E57-4D3F-A40D-416F9B9858F2}.Debug|iPhone.ActiveCfg = Debug|iPhone
		{B0CD8EFC-0E57-4D3F-A40D-416F9B9858F2}.Debug|iPhone.Build.0 = Debug|iPhone
		{B0CD8EFC-0E57-4D3F-A40D-416F9B9858F2}.Debug|iPhone.Deploy.0 = Debug|iPhone
		{B0CD8EFC-0E57-4D3F-A40D-416F9B9858F2}.Debug|iPhoneSimulator.ActiveCfg = Debug|iPhoneSimulator
		{B0CD8EFC-0E57-4D3F-A40D-416F9B9858F2}.Debug|iPhoneSimulator.Build.0 = Debug|iPhoneSimulator
		{B0CD8EFC-0E57-4D3F-A40D-416F9B9858F2}.Debug|iPhoneSimulator.Deploy.0 = Debug|iPhoneSimulator
		{B0CD8EFC-0E57-4D3F-A40D-416F9B9858F2}.Debug|x64.ActiveCfg = Debug|iPhone
		{B0CD8EFC-0E57-4D3F-A40D-416F9B9858F2}.Debug|x64.Build.0 = Debug|iPhone
		{B0CD8EFC-0E57-4D3F-A40D-416F9B9858F2}.Debug|x64.Deploy.0 = Debug|iPhone
		{B0CD8EFC-0E57-4D3F-A40D-416F9B9858F2}.Debug|x86.ActiveCfg = Debug|iPhone
		{B0CD8EFC-0E57-4D3F-A40D-416F9B9858F2}.Debug|x86.Build.0 = Debug|iPhone
		{B0CD8EFC-0E57-4D3F-A40D-416F9B9858F2}.Debug|x86.Deploy.0 = Debug|iPhone
		{B0CD8EFC-0E57-4D3F-A40D-416F9B9858F2}.Release|Any CPU.ActiveCfg = Release|iPhone
		{B0CD8EFC-0E57-4D3F-A40D-416F9B9858F2}.Release|Any CPU.Build.0 = Release|iPhone
		{B0CD8EFC-0E57-4D3F-A40D-416F9B9858F2}.Release|Any CPU.Deploy.0 = Release|iPhone
		{B0CD8EFC-0E57-4D3F-A40D-416F9B9858F2}.Release|ARM.ActiveCfg = Release|iPhone
		{B0CD8EFC-0E57-4D3F-A40D-416F9B9858F2}.Release|ARM.Build.0 = Release|iPhone
		{B0CD8EFC-0E57-4D3F-A40D-416F9B9858F2}.Release|ARM.Deploy.0 = Release|iPhone
		{B0CD8EFC-0E57-4D3F-A40D-416F9B9858F2}.Release|iPhone.ActiveCfg = Release|iPhone
		{B0CD8EFC-0E57-4D3F-A40D-416F9B9858F2}.Release|iPhone.Build.0 = Release|iPhone
		{B0CD8EFC-0E57-4D3F-A40D-416F9B9858F2}.Release|iPhone.Deploy.0 = Release|iPhone
		{B0CD8EFC-0E57-4D3F-A40D-416F9B9858F2}.Release|iPhoneSimulator.ActiveCfg = Release|iPhoneSimulator
		{B0CD8EFC-0E57-4D3F-A40D-416F9B9858F2}.Release|iPhoneSimulator.Build.0 = Release|iPhoneSimulator
		{B0CD8EFC-0E57-4D3F-A40D-416F9B9858F2}.Release|iPhoneSimulator.Deploy.0 = Release|iPhoneSimulator
		{B0CD8EFC-0E57-4D3F-A40D-416F9B9858F2}.Release|x64.ActiveCfg = Release|iPhone
		{B0CD8EFC-0E57-4D3F-A40D-416F9B9858F2}.Release|x64.Build.0 = Release|iPhone
		{B0CD8EFC-0E57-4D3F-A40D-416F9B9858F2}.Release|x64.Deploy.0 = Release|iPhone
		{B0CD8EFC-0E57-4D3F-A40D-416F9B9858F2}.Release|x86.ActiveCfg = Release|iPhone
		{B0CD8EFC-0E57-4D3F-A40D-416F9B9858F2}.Release|x86.Build.0 = Release|iPhone
		{B0CD8EFC-0E57-4D3F-A40D-416F9B9858F2}.Release|x86.Deploy.0 = Release|iPhone
		{5A66D774-6B71-40A9-9523-B1B19C8695EC}.Ad-Hoc|Any CPU.ActiveCfg = Release|x86
		{5A66D774-6B71-40A9-9523-B1B19C8695EC}.Ad-Hoc|Any CPU.Build.0 = Release|x86
		{5A66D774-6B71-40A9-9523-B1B19C8695EC}.Ad-Hoc|Any CPU.Deploy.0 = Release|x86
		{5A66D774-6B71-40A9-9523-B1B19C8695EC}.Ad-Hoc|ARM.ActiveCfg = Release|ARM
		{5A66D774-6B71-40A9-9523-B1B19C8695EC}.Ad-Hoc|ARM.Build.0 = Release|ARM
		{5A66D774-6B71-40A9-9523-B1B19C8695EC}.Ad-Hoc|ARM.Deploy.0 = Release|ARM
		{5A66D774-6B71-40A9-9523-B1B19C8695EC}.Ad-Hoc|iPhone.ActiveCfg = Release|x86
		{5A66D774-6B71-40A9-9523-B1B19C8695EC}.Ad-Hoc|iPhone.Build.0 = Release|x86
		{5A66D774-6B71-40A9-9523-B1B19C8695EC}.Ad-Hoc|iPhone.Deploy.0 = Release|x86
		{5A66D774-6B71-40A9-9523-B1B19C8695EC}.Ad-Hoc|iPhoneSimulator.ActiveCfg = Release|x86
		{5A66D774-6B71-40A9-9523-B1B19C8695EC}.Ad-Hoc|iPhoneSimulator.Build.0 = Release|x86
		{5A66D774-6B71-40A9-9523-B1B19C8695EC}.Ad-Hoc|iPhoneSimulator.Deploy.0 = Release|x86
		{5A66D774-6B71-40A9-9523-B1B19C8695EC}.Ad-Hoc|x64.ActiveCfg = Release|x64
		{5A66D774-6B71-40A9-9523-B1B19C8695EC}.Ad-Hoc|x64.Build.0 = Release|x64
		{5A66D774-6B71-40A9-9523-B1B19C8695EC}.Ad-Hoc|x64.Deploy.0 = Release|x64
		{5A66D774-6B71-40A9-9523-B1B19C8695EC}.Ad-Hoc|x86.ActiveCfg = Release|x86
		{5A66D774-6B71-40A9-9523-B1B19C8695EC}.Ad-Hoc|x86.Build.0 = Release|x86
		{5A66D774-6B71-40A9-9523-B1B19C8695EC}.Ad-Hoc|x86.Deploy.0 = Release|x86
		{5A66D774-6B71-40A9-9523-B1B19C8695EC}.AppStore|Any CPU.ActiveCfg = Release|x86
		{5A66D774-6B71-40A9-9523-B1B19C8695EC}.AppStore|Any CPU.Build.0 = Release|x86
		{5A66D774-6B71-40A9-9523-B1B19C8695EC}.AppStore|Any CPU.Deploy.0 = Release|x86
		{5A66D774-6B71-40A9-9523-B1B19C8695EC}.AppStore|ARM.ActiveCfg = Release|ARM
		{5A66D774-6B71-40A9-9523-B1B19C8695EC}.AppStore|ARM.Build.0 = Release|ARM
		{5A66D774-6B71-40A9-9523-B1B19C8695EC}.AppStore|ARM.Deploy.0 = Release|ARM
		{5A66D774-6B71-40A9-9523-B1B19C8695EC}.AppStore|iPhone.ActiveCfg = Release|x86
		{5A66D774-6B71-40A9-9523-B1B19C8695EC}.AppStore|iPhone.Build.0 = Release|x86
		{5A66D774-6B71-40A9-9523-B1B19C8695EC}.AppStore|iPhone.Deploy.0 = Release|x86
		{5A66D774-6B71-40A9-9523-B1B19C8695EC}.AppStore|iPhoneSimulator.ActiveCfg = Release|x86
		{5A66D774-6B71-40A9-9523-B1B19C8695EC}.AppStore|iPhoneSimulator.Build.0 = Release|x86
		{5A66D774-6B71-40A9-9523-B1B19C8695EC}.AppStore|iPhoneSimulator.Deploy.0 = Release|x86
		{5A66D774-6B71-40A9-9523-B1B19C8695EC}.AppStore|x64.ActiveCfg = Release|x64
		{5A66D774-6B71-40A9-9523-B1B19C8695EC}.AppStore|x64.Build.0 = Release|x64
		{5A66D774-6B71-40A9-9523-B1B19C8695EC}.AppStore|x64.Deploy.0 = Release|x64
		{5A66D774-6B71-40A9-9523-B1B19C8695EC}.AppStore|x86.ActiveCfg = Release|x86
		{5A66D774-6B71-40A9-9523-B1B19C8695EC}.AppStore|x86.Build.0 = Release|x86
		{5A66D774-6B71-40A9-9523-B1B19C8695EC}.AppStore|x86.Deploy.0 = Release|x86
		{5A66D774-6B71-40A9-9523-B1B19C8695EC}.Debug|Any CPU.ActiveCfg = Debug|x86
		{5A66D774-6B71-40A9-9523-B1B19C8695EC}.Debug|Any CPU.Build.0 = Debug|x86
		{5A66D774-6B71-40A9-9523-B1B19C8695EC}.Debug|Any CPU.Deploy.0 = Debug|x86
		{5A66D774-6B71-40A9-9523-B1B19C8695EC}.Debug|ARM.ActiveCfg = Debug|ARM
		{5A66D774-6B71-40A9-9523-B1B19C8695EC}.Debug|ARM.Build.0 = Debug|ARM
		{5A66D774-6B71-40A9-9523-B1B19C8695EC}.Debug|ARM.Deploy.0 = Debug|ARM
		{5A66D774-6B71-40A9-9523-B1B19C8695EC}.Debug|iPhone.ActiveCfg = Debug|x86
		{5A66D774-6B71-40A9-9523-B1B19C8695EC}.Debug|iPhone.Build.0 = Debug|x86
		{5A66D774-6B71-40A9-9523-B1B19C8695EC}.Debug|iPhone.Deploy.0 = Debug|x86
		{5A66D774-6B71-40A9-9523-B1B19C8695EC}.Debug|iPhoneSimulator.ActiveCfg = Debug|x86
		{5A66D774-6B71-40A9-9523-B1B19C8695EC}.Debug|iPhoneSimulator.Build.0 = Debug|x86
		{5A66D774-6B71-40A9-9523-B1B19C8695EC}.Debug|iPhoneSimulator.Deploy.0 = Debug|x86
		{5A66D774-6B71-40A9-9523-B1B19C8695EC}.Debug|x64.ActiveCfg = Debug|x64
		{5A66D774-6B71-40A9-9523-B1B19C8695EC}.Debug|x64.Build.0 = Debug|x64
		{5A66D774-6B71-40A9-9523-B1B19C8695EC}.Debug|x64.Deploy.0 = Debug|x64
		{5A66D774-6B71-40A9-9523-B1B19C8695EC}.Debug|x86.ActiveCfg = Debug|x86
		{5A66D774-6B71-40A9-9523-B1B19C8695EC}.Debug|x86.Build.0 = Debug|x86
		{5A66D774-6B71-40A9-9523-B1B19C8695EC}.Debug|x86.Deploy.0 = Debug|x86
		{5A66D774-6B71-40A9-9523-B1B19C8695EC}.Release|Any CPU.ActiveCfg = Release|x86
		{5A66D774-6B71-40A9-9523-B1B19C8695EC}.Release|Any CPU.Build.0 = Release|x86
		{5A66D774-6B71-40A9-9523-B1B19C8695EC}.Release|Any CPU.Deploy.0 = Release|x86
		{5A66D774-6B71-40A9-9523-B1B19C8695EC}.Release|ARM.ActiveCfg = Release|ARM
		{5A66D774-6B71-40A9-9523-B1B19C8695EC}.Release|ARM.Build.0 = Release|ARM
		{5A66D774-6B71-40A9-9523-B1B19C8695EC}.Release|ARM.Deploy.0 = Release|ARM
		{5A66D774-6B71-40A9-9523-B1B19C8695EC}.Release|iPhone.ActiveCfg = Release|x86
		{5A66D774-6B71-40A9-9523-B1B19C8695EC}.Release|iPhone.Build.0 = Release|x86
		{5A66D774-6B71-40A9-9523-B1B19C8695EC}.Release|iPhone.Deploy.0 = Release|x86
		{5A66D774-6B71-40A9-9523-B1B19C8695EC}.Release|iPhoneSimulator.ActiveCfg = Release|x86
		{5A66D774-6B71-40A9-9523-B1B19C8695EC}.Release|iPhoneSimulator.Build.0 = Release|x86
		{5A66D774-6B71-40A9-9523-B1B19C8695EC}.Release|iPhoneSimulator.Deploy.0 = Release|x86
		{5A66D774-6B71-40A9-9523-B1B19C8695EC}.Release|x64.ActiveCfg = Release|x64
		{5A66D774-6B71-40A9-9523-B1B19C8695EC}.Release|x64.Build.0 = Release|x64
		{5A66D774-6B71-40A9-9523-B1B19C8695EC}.Release|x64.Deploy.0 = Release|x64
		{5A66D774-6B71-40A9-9523-B1B19C8695EC}.Release|x86.ActiveCfg = Release|x86
		{5A66D774-6B71-40A9-9523-B1B19C8695EC}.Release|x86.Build.0 = Release|x86
		{5A66D774-6B71-40A9-9523-B1B19C8695EC}.Release|x86.Deploy.0 = Release|x86
		{2CEF1107-9145-4034-8359-9A289FEFCF4A}.Ad-Hoc|Any CPU.ActiveCfg = Debug|Any CPU
		{2CEF1107-9145-4034-8359-9A289FEFCF4A}.Ad-Hoc|Any CPU.Build.0 = Debug|Any CPU
		{2CEF1107-9145-4034-8359-9A289FEFCF4A}.Ad-Hoc|Any CPU.Deploy.0 = Debug|Any CPU
		{2CEF1107-9145-4034-8359-9A289FEFCF4A}.Ad-Hoc|ARM.ActiveCfg = Debug|Any CPU
		{2CEF1107-9145-4034-8359-9A289FEFCF4A}.Ad-Hoc|ARM.Build.0 = Debug|Any CPU
		{2CEF1107-9145-4034-8359-9A289FEFCF4A}.Ad-Hoc|ARM.Deploy.0 = Debug|Any CPU
		{2CEF1107-9145-4034-8359-9A289FEFCF4A}.Ad-Hoc|iPhone.ActiveCfg = Debug|Any CPU
		{2CEF1107-9145-4034-8359-9A289FEFCF4A}.Ad-Hoc|iPhone.Build.0 = Debug|Any CPU
		{2CEF1107-9145-4034-8359-9A289FEFCF4A}.Ad-Hoc|iPhone.Deploy.0 = Debug|Any CPU
		{2CEF1107-9145-4034-8359-9A289FEFCF4A}.Ad-Hoc|iPhoneSimulator.ActiveCfg = Debug|Any CPU
		{2CEF1107-9145-4034-8359-9A289FEFCF4A}.Ad-Hoc|iPhoneSimulator.Build.0 = Debug|Any CPU
		{2CEF1107-9145-4034-8359-9A289FEFCF4A}.Ad-Hoc|iPhoneSimulator.Deploy.0 = Debug|Any CPU
		{2CEF1107-9145-4034-8359-9A289FEFCF4A}.Ad-Hoc|x64.ActiveCfg = Debug|Any CPU
		{2CEF1107-9145-4034-8359-9A289FEFCF4A}.Ad-Hoc|x64.Build.0 = Debug|Any CPU
		{2CEF1107-9145-4034-8359-9A289FEFCF4A}.Ad-Hoc|x64.Deploy.0 = Debug|Any CPU
		{2CEF1107-9145-4034-8359-9A289FEFCF4A}.Ad-Hoc|x86.ActiveCfg = Debug|Any CPU
		{2CEF1107-9145-4034-8359-9A289FEFCF4A}.Ad-Hoc|x86.Build.0 = Debug|Any CPU
		{2CEF1107-9145-4034-8359-9A289FEFCF4A}.Ad-Hoc|x86.Deploy.0 = Debug|Any CPU
		{2CEF1107-9145-4034-8359-9A289FEFCF4A}.AppStore|Any CPU.ActiveCfg = Debug|Any CPU
		{2CEF1107-9145-4034-8359-9A289FEFCF4A}.AppStore|Any CPU.Build.0 = Debug|Any CPU
		{2CEF1107-9145-4034-8359-9A289FEFCF4A}.AppStore|Any CPU.Deploy.0 = Debug|Any CPU
		{2CEF1107-9145-4034-8359-9A289FEFCF4A}.AppStore|ARM.ActiveCfg = Debug|Any CPU
		{2CEF1107-9145-4034-8359-9A289FEFCF4A}.AppStore|ARM.Build.0 = Debug|Any CPU
		{2CEF1107-9145-4034-8359-9A289FEFCF4A}.AppStore|ARM.Deploy.0 = Debug|Any CPU
		{2CEF1107-9145-4034-8359-9A289FEFCF4A}.AppStore|iPhone.ActiveCfg = Debug|Any CPU
		{2CEF1107-9145-4034-8359-9A289FEFCF4A}.AppStore|iPhone.Build.0 = Debug|Any CPU
		{2CEF1107-9145-4034-8359-9A289FEFCF4A}.AppStore|iPhone.Deploy.0 = Debug|Any CPU
		{2CEF1107-9145-4034-8359-9A289FEFCF4A}.AppStore|iPhoneSimulator.ActiveCfg = Debug|Any CPU
		{2CEF1107-9145-4034-8359-9A289FEFCF4A}.AppStore|iPhoneSimulator.Build.0 = Debug|Any CPU
		{2CEF1107-9145-4034-8359-9A289FEFCF4A}.AppStore|iPhoneSimulator.Deploy.0 = Debug|Any CPU
		{2CEF1107-9145-4034-8359-9A289FEFCF4A}.AppStore|x64.ActiveCfg = Debug|Any CPU
		{2CEF1107-9145-4034-8359-9A289FEFCF4A}.AppStore|x64.Build.0 = Debug|Any CPU
		{2CEF1107-9145-4034-8359-9A289FEFCF4A}.AppStore|x64.Deploy.0 = Debug|Any CPU
		{2CEF1107-9145-4034-8359-9A289FEFCF4A}.AppStore|x86.ActiveCfg = Debug|Any CPU
		{2CEF1107-9145-4034-8359-9A289FEFCF4A}.AppStore|x86.Build.0 = Debug|Any CPU
		{2CEF1107-9145-4034-8359-9A289FEFCF4A}.AppStore|x86.Deploy.0 = Debug|Any CPU
		{2CEF1107-9145-4034-8359-9A289FEFCF4A}.Debug|Any CPU.ActiveCfg = Debug|Any CPU
		{2CEF1107-9145-4034-8359-9A289FEFCF4A}.Debug|Any CPU.Build.0 = Debug|Any CPU
		{2CEF1107-9145-4034-8359-9A289FEFCF4A}.Debug|Any CPU.Deploy.0 = Debug|Any CPU
		{2CEF1107-9145-4034-8359-9A289FEFCF4A}.Debug|ARM.ActiveCfg = Debug|Any CPU
		{2CEF1107-9145-4034-8359-9A289FEFCF4A}.Debug|ARM.Build.0 = Debug|Any CPU
		{2CEF1107-9145-4034-8359-9A289FEFCF4A}.Debug|ARM.Deploy.0 = Debug|Any CPU
		{2CEF1107-9145-4034-8359-9A289FEFCF4A}.Debug|iPhone.ActiveCfg = Debug|Any CPU
		{2CEF1107-9145-4034-8359-9A289FEFCF4A}.Debug|iPhone.Build.0 = Debug|Any CPU
		{2CEF1107-9145-4034-8359-9A289FEFCF4A}.Debug|iPhone.Deploy.0 = Debug|Any CPU
		{2CEF1107-9145-4034-8359-9A289FEFCF4A}.Debug|iPhoneSimulator.ActiveCfg = Debug|Any CPU
		{2CEF1107-9145-4034-8359-9A289FEFCF4A}.Debug|iPhoneSimulator.Build.0 = Debug|Any CPU
		{2CEF1107-9145-4034-8359-9A289FEFCF4A}.Debug|iPhoneSimulator.Deploy.0 = Debug|Any CPU
		{2CEF1107-9145-4034-8359-9A289FEFCF4A}.Debug|x64.ActiveCfg = Debug|Any CPU
		{2CEF1107-9145-4034-8359-9A289FEFCF4A}.Debug|x64.Build.0 = Debug|Any CPU
		{2CEF1107-9145-4034-8359-9A289FEFCF4A}.Debug|x64.Deploy.0 = Debug|Any CPU
		{2CEF1107-9145-4034-8359-9A289FEFCF4A}.Debug|x86.ActiveCfg = Debug|Any CPU
		{2CEF1107-9145-4034-8359-9A289FEFCF4A}.Debug|x86.Build.0 = Debug|Any CPU
		{2CEF1107-9145-4034-8359-9A289FEFCF4A}.Debug|x86.Deploy.0 = Debug|Any CPU
		{2CEF1107-9145-4034-8359-9A289FEFCF4A}.Release|Any CPU.ActiveCfg = Release|Any CPU
		{2CEF1107-9145-4034-8359-9A289FEFCF4A}.Release|Any CPU.Build.0 = Release|Any CPU
		{2CEF1107-9145-4034-8359-9A289FEFCF4A}.Release|Any CPU.Deploy.0 = Release|Any CPU
		{2CEF1107-9145-4034-8359-9A289FEFCF4A}.Release|ARM.ActiveCfg = Release|Any CPU
		{2CEF1107-9145-4034-8359-9A289FEFCF4A}.Release|ARM.Build.0 = Release|Any CPU
		{2CEF1107-9145-4034-8359-9A289FEFCF4A}.Release|ARM.Deploy.0 = Release|Any CPU
		{2CEF1107-9145-4034-8359-9A289FEFCF4A}.Release|iPhone.ActiveCfg = Release|Any CPU
		{2CEF1107-9145-4034-8359-9A289FEFCF4A}.Release|iPhone.Build.0 = Release|Any CPU
		{2CEF1107-9145-4034-8359-9A289FEFCF4A}.Release|iPhone.Deploy.0 = Release|Any CPU
		{2CEF1107-9145-4034-8359-9A289FEFCF4A}.Release|iPhoneSimulator.ActiveCfg = Release|Any CPU
		{2CEF1107-9145-4034-8359-9A289FEFCF4A}.Release|iPhoneSimulator.Build.0 = Release|Any CPU
		{2CEF1107-9145-4034-8359-9A289FEFCF4A}.Release|iPhoneSimulator.Deploy.0 = Release|Any CPU
		{2CEF1107-9145-4034-8359-9A289FEFCF4A}.Release|x64.ActiveCfg = Release|Any CPU
		{2CEF1107-9145-4034-8359-9A289FEFCF4A}.Release|x64.Build.0 = Release|Any CPU
		{2CEF1107-9145-4034-8359-9A289FEFCF4A}.Release|x64.Deploy.0 = Release|Any CPU
		{2CEF1107-9145-4034-8359-9A289FEFCF4A}.Release|x86.ActiveCfg = Release|Any CPU
		{2CEF1107-9145-4034-8359-9A289FEFCF4A}.Release|x86.Build.0 = Release|Any CPU
		{2CEF1107-9145-4034-8359-9A289FEFCF4A}.Release|x86.Deploy.0 = Release|Any CPU
		{E06199D9-97B9-41B1-BDF7-93F8A8A82A7B}.Ad-Hoc|Any CPU.ActiveCfg = Debug|Any CPU
		{E06199D9-97B9-41B1-BDF7-93F8A8A82A7B}.Ad-Hoc|Any CPU.Build.0 = Debug|Any CPU
		{E06199D9-97B9-41B1-BDF7-93F8A8A82A7B}.Ad-Hoc|ARM.ActiveCfg = Debug|Any CPU
		{E06199D9-97B9-41B1-BDF7-93F8A8A82A7B}.Ad-Hoc|ARM.Build.0 = Debug|Any CPU
		{E06199D9-97B9-41B1-BDF7-93F8A8A82A7B}.Ad-Hoc|iPhone.ActiveCfg = Debug|Any CPU
		{E06199D9-97B9-41B1-BDF7-93F8A8A82A7B}.Ad-Hoc|iPhone.Build.0 = Debug|Any CPU
		{E06199D9-97B9-41B1-BDF7-93F8A8A82A7B}.Ad-Hoc|iPhoneSimulator.ActiveCfg = Debug|Any CPU
		{E06199D9-97B9-41B1-BDF7-93F8A8A82A7B}.Ad-Hoc|iPhoneSimulator.Build.0 = Debug|Any CPU
		{E06199D9-97B9-41B1-BDF7-93F8A8A82A7B}.Ad-Hoc|x64.ActiveCfg = Debug|Any CPU
		{E06199D9-97B9-41B1-BDF7-93F8A8A82A7B}.Ad-Hoc|x64.Build.0 = Debug|Any CPU
		{E06199D9-97B9-41B1-BDF7-93F8A8A82A7B}.Ad-Hoc|x86.ActiveCfg = Debug|Any CPU
		{E06199D9-97B9-41B1-BDF7-93F8A8A82A7B}.Ad-Hoc|x86.Build.0 = Debug|Any CPU
		{E06199D9-97B9-41B1-BDF7-93F8A8A82A7B}.AppStore|Any CPU.ActiveCfg = Debug|Any CPU
		{E06199D9-97B9-41B1-BDF7-93F8A8A82A7B}.AppStore|Any CPU.Build.0 = Debug|Any CPU
		{E06199D9-97B9-41B1-BDF7-93F8A8A82A7B}.AppStore|ARM.ActiveCfg = Debug|Any CPU
		{E06199D9-97B9-41B1-BDF7-93F8A8A82A7B}.AppStore|ARM.Build.0 = Debug|Any CPU
		{E06199D9-97B9-41B1-BDF7-93F8A8A82A7B}.AppStore|iPhone.ActiveCfg = Debug|Any CPU
		{E06199D9-97B9-41B1-BDF7-93F8A8A82A7B}.AppStore|iPhone.Build.0 = Debug|Any CPU
		{E06199D9-97B9-41B1-BDF7-93F8A8A82A7B}.AppStore|iPhoneSimulator.ActiveCfg = Debug|Any CPU
		{E06199D9-97B9-41B1-BDF7-93F8A8A82A7B}.AppStore|iPhoneSimulator.Build.0 = Debug|Any CPU
		{E06199D9-97B9-41B1-BDF7-93F8A8A82A7B}.AppStore|x64.ActiveCfg = Debug|Any CPU
		{E06199D9-97B9-41B1-BDF7-93F8A8A82A7B}.AppStore|x64.Build.0 = Debug|Any CPU
		{E06199D9-97B9-41B1-BDF7-93F8A8A82A7B}.AppStore|x86.ActiveCfg = Debug|Any CPU
		{E06199D9-97B9-41B1-BDF7-93F8A8A82A7B}.AppStore|x86.Build.0 = Debug|Any CPU
		{E06199D9-97B9-41B1-BDF7-93F8A8A82A7B}.Debug|Any CPU.ActiveCfg = Debug|Any CPU
		{E06199D9-97B9-41B1-BDF7-93F8A8A82A7B}.Debug|Any CPU.Build.0 = Debug|Any CPU
		{E06199D9-97B9-41B1-BDF7-93F8A8A82A7B}.Debug|ARM.ActiveCfg = Debug|Any CPU
		{E06199D9-97B9-41B1-BDF7-93F8A8A82A7B}.Debug|ARM.Build.0 = Debug|Any CPU
		{E06199D9-97B9-41B1-BDF7-93F8A8A82A7B}.Debug|iPhone.ActiveCfg = Debug|Any CPU
		{E06199D9-97B9-41B1-BDF7-93F8A8A82A7B}.Debug|iPhone.Build.0 = Debug|Any CPU
		{E06199D9-97B9-41B1-BDF7-93F8A8A82A7B}.Debug|iPhoneSimulator.ActiveCfg = Debug|Any CPU
		{E06199D9-97B9-41B1-BDF7-93F8A8A82A7B}.Debug|iPhoneSimulator.Build.0 = Debug|Any CPU
		{E06199D9-97B9-41B1-BDF7-93F8A8A82A7B}.Debug|x64.ActiveCfg = Debug|Any CPU
		{E06199D9-97B9-41B1-BDF7-93F8A8A82A7B}.Debug|x64.Build.0 = Debug|Any CPU
		{E06199D9-97B9-41B1-BDF7-93F8A8A82A7B}.Debug|x86.ActiveCfg = Debug|Any CPU
		{E06199D9-97B9-41B1-BDF7-93F8A8A82A7B}.Debug|x86.Build.0 = Debug|Any CPU
		{E06199D9-97B9-41B1-BDF7-93F8A8A82A7B}.Release|Any CPU.ActiveCfg = Release|Any CPU
		{E06199D9-97B9-41B1-BDF7-93F8A8A82A7B}.Release|Any CPU.Build.0 = Release|Any CPU
		{E06199D9-97B9-41B1-BDF7-93F8A8A82A7B}.Release|ARM.ActiveCfg = Release|Any CPU
		{E06199D9-97B9-41B1-BDF7-93F8A8A82A7B}.Release|ARM.Build.0 = Release|Any CPU
		{E06199D9-97B9-41B1-BDF7-93F8A8A82A7B}.Release|iPhone.ActiveCfg = Release|Any CPU
		{E06199D9-97B9-41B1-BDF7-93F8A8A82A7B}.Release|iPhone.Build.0 = Release|Any CPU
		{E06199D9-97B9-41B1-BDF7-93F8A8A82A7B}.Release|iPhoneSimulator.ActiveCfg = Release|Any CPU
		{E06199D9-97B9-41B1-BDF7-93F8A8A82A7B}.Release|iPhoneSimulator.Build.0 = Release|Any CPU
		{E06199D9-97B9-41B1-BDF7-93F8A8A82A7B}.Release|x64.ActiveCfg = Release|Any CPU
		{E06199D9-97B9-41B1-BDF7-93F8A8A82A7B}.Release|x64.Build.0 = Release|Any CPU
		{E06199D9-97B9-41B1-BDF7-93F8A8A82A7B}.Release|x86.ActiveCfg = Release|Any CPU
		{E06199D9-97B9-41B1-BDF7-93F8A8A82A7B}.Release|x86.Build.0 = Release|Any CPU
	EndGlobalSection
	GlobalSection(SolutionProperties) = preSolution
		HideSolutionNode = FALSE
	EndGlobalSection
	GlobalSection(ExtensibilityGlobals) = postSolution
		SolutionGuid = {4E2CE902-51D4-4372-B1EA-A69461AFF222}
	EndGlobalSection
EndGlobal
